PODS:
  - AWSCore (2.3.6)
  - AWSMobileAnalytics (2.3.6):
    - AWSCore (= 2.3.6)
  - EZAudio (1.1.5):
    - EZAudio/Full (= 1.1.5)
  - EZAudio/Core (1.1.5)
  - EZAudio/Full (1.1.5):
    - EZAudio/Core
    - TPCircularBuffer (= 1.1)
  - FMDB (2.6.2):
    - FMDB/standard (= 2.6.2)
  - FMDB/standard (2.6.2)
  - SBGraph (0.1.0)
  - SBMusicUtilities (0.0.1):
    - EZAudio
  - SBRatePrompt (0.1.0)
  - TPCircularBuffer (1.1)

DEPENDENCIES:
  - AWSMobileAnalytics (~> 2.3.2)
  - EZAudio (from `https://github.com/rednebmas/EZAudio.git`)
  - FMDB
  - SBGraph (from `~/code/iOS/SBGraph`)
  - SBMusicUtilities (from `~/code/iOS/SBMusicUtilities`)
  - SBRatePrompt (from `~/code/iOS/SBRatePrompt`)

EXTERNAL SOURCES:
  EZAudio:
    :git: https://github.com/rednebmas/EZAudio.git
  SBGraph:
    :path: "~/code/iOS/SBGraph"
  SBMusicUtilities:
    :path: "~/code/iOS/SBMusicUtilities"
  SBRatePrompt:
    :path: "~/code/iOS/SBRatePrompt"

CHECKOUT OPTIONS:
  EZAudio:
    :commit: 217eb92c38bca97d4726bab733f153ed9f8da7f5
    :git: https://github.com/rednebmas/EZAudio.git

SPEC CHECKSUMS:
  AWSCore: 917d84b32974136194a905b98c0ae25c9f3350b8
  AWSMobileAnalytics: 56ce9e671640fbd702f8ce52b0f128e525f3e51c
  EZAudio: 3b1cb4b6d7ebca68f0c2478576d75940aad4aa99
  FMDB: 854a0341b4726e53276f2a8996f06f1b80f9259a
  SBGraph: 7c00a0ad4f4aeb499c15911c649a83586b54805e
  SBMusicUtilities: 055b3951a82f29ff2e4357763caa332e8004207d
  SBRatePrompt: 3a0786770d63735acfb381a8f337f936d0483518
  TPCircularBuffer: 4960a919e667280f7f38963d771f45871b64fe62

PODFILE CHECKSUM: 18aa41a12cdff2601e364201ea28f4e908be9b94

COCOAPODS: 1.0.1
