PODS:
  - AWSCore (2.3.6)
  - AWSMobileAnalytics (2.3.6):
    - AWSCore (= 2.3.6)
  - Crashlytics (3.8.4):
    - Fabric (~> 1.6.3)
  - EZAudio (1.1.5):
    - EZAudio/Full (= 1.1.5)
  - EZAudio/Core (1.1.5)
  - EZAudio/Full (1.1.5):
    - EZAudio/Core
    - TPCircularBuffer (= 1.1)
  - Fabric (1.6.11)
  - FMDB (2.6.2):
    - FMDB/standard (= 2.6.2)
  - FMDB/standard (2.6.2)
  - SBGraph (1.0.1)
  - SBMusicUtilities (0.0.1):
    - EZAudio
  - SVProgressHUD (2.2.5)
  - TPCircularBuffer (1.1)

DEPENDENCIES:
  - AWSMobileAnalytics (~> 2.3.2)
  - Crashlytics
  - EZAudio (from `https://github.com/rednebmas/EZAudio.git`)
  - Fabric
  - FMDB
  - SBGraph (from `~/code/iOS/SBGraph`)
  - SBMusicUtilities (from `https://github.com/rednebmas/SBMusicUtilities.git`)
  - SVProgressHUD

SPEC REPOS:
  https://github.com/cocoapods/specs.git:
    - AWSCore
    - AWSMobileAnalytics
    - Crashlytics
    - Fabric
    - FMDB
    - SVProgressHUD
    - TPCircularBuffer

EXTERNAL SOURCES:
  EZAudio:
    :git: https://github.com/rednebmas/EZAudio.git
  SBGraph:
    :path: "~/code/iOS/SBGraph"
  SBMusicUtilities:
    :git: https://github.com/rednebmas/SBMusicUtilities.git

CHECKOUT OPTIONS:
  EZAudio:
    :commit: 217eb92c38bca97d4726bab733f153ed9f8da7f5
    :git: https://github.com/rednebmas/EZAudio.git
  SBMusicUtilities:
    :commit: 311275b40e1bb4370302664c85dd334915592413
    :git: https://github.com/rednebmas/SBMusicUtilities.git

SPEC CHECKSUMS:
  AWSCore: 917d84b32974136194a905b98c0ae25c9f3350b8
  AWSMobileAnalytics: 56ce9e671640fbd702f8ce52b0f128e525f3e51c
  Crashlytics: 79e236942ca1e7fc641df1feb9a275360a78ab6a
  EZAudio: 3b1cb4b6d7ebca68f0c2478576d75940aad4aa99
  Fabric: 5911403591946b8228ab1c51d98f1d7137e863c6
  FMDB: 854a0341b4726e53276f2a8996f06f1b80f9259a
  SBGraph: 1b426fe0038b3f9c733f77a2dc3e2e60cd83269d
  SBMusicUtilities: 055b3951a82f29ff2e4357763caa332e8004207d
  SVProgressHUD: 1428aafac632c1f86f62aa4243ec12008d7a51d6
  TPCircularBuffer: 4960a919e667280f7f38963d771f45871b64fe62

PODFILE CHECKSUM: 4b3b17420ede6c360e4d5e14750eb6599847af7b

COCOAPODS: 1.5.3
