// !$*UTF8*$!
{
	archiveVersion = 1;
	classes = {
	};
	objectVersion = 46;
	objects = {

/* Begin PBXBuildFile section */
		220CC9D51C89608A00EFF7DA /* Animation.m in Sources */ = {isa = PBXBuildFile; fileRef = 220CC9D41C89608A00EFF7DA /* Animation.m */; };
		220CC9D91C8A1CE800EFF7DA /* Colors.m in Sources */ = {isa = PBXBuildFile; fileRef = 220CC9D81C8A1CE800EFF7DA /* Colors.m */; };
		221949501C80E956004D0155 /* main.m in Sources */ = {isa = PBXBuildFile; fileRef = 2219494F1C80E956004D0155 /* main.m */; };
		221949531C80E956004D0155 /* AppDelegate.m in Sources */ = {isa = PBXBuildFile; fileRef = 221949521C80E956004D0155 /* AppDelegate.m */; };
		221949561C80E956004D0155 /* ViewController.m in Sources */ = {isa = PBXBuildFile; fileRef = 221949551C80E956004D0155 /* ViewController.m */; };
		221949591C80E956004D0155 /* Main.storyboard in Resources */ = {isa = PBXBuildFile; fileRef = 221949571C80E956004D0155 /* Main.storyboard */; };
		2219495B1C80E956004D0155 /* Assets.xcassets in Resources */ = {isa = PBXBuildFile; fileRef = 2219495A1C80E956004D0155 /* Assets.xcassets */; };
		2219495E1C80E956004D0155 /* LaunchScreen.storyboard in Resources */ = {isa = PBXBuildFile; fileRef = 2219495C1C80E956004D0155 /* LaunchScreen.storyboard */; };
		221A03221D7C792400A3225B /* InstrumentsTableViewCell.m in Sources */ = {isa = PBXBuildFile; fileRef = 221A03211D7C792400A3225B /* InstrumentsTableViewCell.m */; };
		221B38781D7C7F6E006D94CC /* InstrumentTableViewCell.m in Sources */ = {isa = PBXBuildFile; fileRef = 221B38771D7C7F6E006D94CC /* InstrumentTableViewCell.m */; };
		221CBBDB1CD311040032B655 /* PracticeRemindersNotificationsDisabledView.xib in Resources */ = {isa = PBXBuildFile; fileRef = 221CBBDA1CD311040032B655 /* PracticeRemindersNotificationsDisabledView.xib */; };
		221CBBDE1CD31A360032B655 /* PracticeRemindersNotificationsDisabledView.m in Sources */ = {isa = PBXBuildFile; fileRef = 221CBBDD1CD31A360032B655 /* PracticeRemindersNotificationsDisabledView.m */; };
		221E41B21C863DD8008A6255 /* MBRoundProgressView.m in Sources */ = {isa = PBXBuildFile; fileRef = 221E41B11C863DD8008A6255 /* MBRoundProgressView.m */; };
		221F245C1C82424500DA4950 /* SettingsTableViewController.m in Sources */ = {isa = PBXBuildFile; fileRef = 221F245B1C82424500DA4950 /* SettingsTableViewController.m */; };
		2235BDE11C8A363700285EA9 /* InformationViewController.m in Sources */ = {isa = PBXBuildFile; fileRef = 2235BDE01C8A363700285EA9 /* InformationViewController.m */; };
		224571B01D827ECA00DEDA93 /* SBEventTracker.m in Sources */ = {isa = PBXBuildFile; fileRef = 224571AF1D827ECA00DEDA93 /* SBEventTracker.m */; };
		224747671C92AA45004E41D7 /* Constants.m in Sources */ = {isa = PBXBuildFile; fileRef = 224747661C92AA45004E41D7 /* Constants.m */; };
		2253CD791CA36A37001630FE /* ChartPickIntervalTableViewController.m in Sources */ = {isa = PBXBuildFile; fileRef = 2253CD781CA36A37001630FE /* ChartPickIntervalTableViewController.m */; };
		2255A2221D7E520E00123363 /* KeychainUserPass.m in Sources */ = {isa = PBXBuildFile; fileRef = 2255A2211D7E520E00123363 /* KeychainUserPass.m */; };
		2255A2281D7E643900123363 /* libz.tbd in Frameworks */ = {isa = PBXBuildFile; fileRef = 2255A2271D7E643900123363 /* libz.tbd */; };
		2285ED471D11E33F000B8856 /* WrongAnswerTeachingOverlay.xib in Resources */ = {isa = PBXBuildFile; fileRef = 2285ED461D11E33F000B8856 /* WrongAnswerTeachingOverlay.xib */; };
		2285ED4A1D11EBEA000B8856 /* UIView+Helpers.m in Sources */ = {isa = PBXBuildFile; fileRef = 2285ED491D11EBEA000B8856 /* UIView+Helpers.m */; };
		2285ED4D1D11EDB6000B8856 /* WrongAnswerTeachingOverlayView.m in Sources */ = {isa = PBXBuildFile; fileRef = 2285ED4C1D11EDB6000B8856 /* WrongAnswerTeachingOverlayView.m */; };
		229641151C858E200010F740 /* SettingsIntervalsTableViewController.m in Sources */ = {isa = PBXBuildFile; fileRef = 229641131C858E200010F740 /* SettingsIntervalsTableViewController.m */; };
		22A302E51CCFC8A900340DE9 /* PracticeReminderTableViewController.m in Sources */ = {isa = PBXBuildFile; fileRef = 22A302E41CCFC8A900340DE9 /* PracticeReminderTableViewController.m */; };
		22C5BDF41D596C4600947272 /* StoreKit.framework in Frameworks */ = {isa = PBXBuildFile; fileRef = 22C5BDF31D596C4600947272 /* StoreKit.framework */; };
		22CD5E4A1D319211000F386F /* SettingsInstrumentTableViewController.m in Sources */ = {isa = PBXBuildFile; fileRef = 22CD5E491D319211000F386F /* SettingsInstrumentTableViewController.m */; };
		22D178CB1C86B5F000B204C1 /* NotePickerView.m in Sources */ = {isa = PBXBuildFile; fileRef = 22D178CA1C86B5F000B204C1 /* NotePickerView.m */; };
		22D178D61C86C2BD00B204C1 /* NSAttributedString+Utilities.m in Sources */ = {isa = PBXBuildFile; fileRef = 22D178D51C86C2BD00B204C1 /* NSAttributedString+Utilities.m */; };
		22D178DA1C86C3B800B204C1 /* SettingsNoteRangeTableViewController.m in Sources */ = {isa = PBXBuildFile; fileRef = 22D178D91C86C3B800B204C1 /* SettingsNoteRangeTableViewController.m */; };
		22E3C7441C9E278F00CD11C5 /* ChartViewController.m in Sources */ = {isa = PBXBuildFile; fileRef = 22E3C7431C9E278F00CD11C5 /* ChartViewController.m */; };
		22E3C7471C9E397F00CD11C5 /* ScoresData.m in Sources */ = {isa = PBXBuildFile; fileRef = 22E3C7461C9E397F00CD11C5 /* ScoresData.m */; };
		22EA19301C9E4EF00006B576 /* ChartsOverviewViewController.m in Sources */ = {isa = PBXBuildFile; fileRef = 22EA192F1C9E4EF00006B576 /* ChartsOverviewViewController.m */; };
		22F0C5C91C882DB8002C6F1C /* SecondsPickerView.m in Sources */ = {isa = PBXBuildFile; fileRef = 22F0C5C81C882DB8002C6F1C /* SecondsPickerView.m */; };
		22F0C5CF1C8835B5002C6F1C /* SettingsNumberPickerTableViewController.m in Sources */ = {isa = PBXBuildFile; fileRef = 22F0C5CE1C8835B5002C6F1C /* SettingsNumberPickerTableViewController.m */; };
		22F68EDE1C813D7B0040541F /* Question.m in Sources */ = {isa = PBXBuildFile; fileRef = 22F68EDD1C813D7B0040541F /* Question.m */; };
		22FF37DE1C90D6DD0040C8AA /* MigrationManager.m in Sources */ = {isa = PBXBuildFile; fileRef = 22FF37DD1C90D6DD0040C8AA /* MigrationManager.m */; };
		303FB5ACE3AD97776652E25B /* Pods_Tunerval.framework in Frameworks */ = {isa = PBXBuildFile; fileRef = B1ADF68B976B15368BF821AA /* Pods_Tunerval.framework */; };
/* End PBXBuildFile section */

/* Begin PBXFileReference section */
		0E6E42034094C01C192724CE /* Pods-Tunerval.release.xcconfig */ = {isa = PBXFileReference; includeInIndex = 1; lastKnownFileType = text.xcconfig; name = "Pods-Tunerval.release.xcconfig"; path = "Pods/Target Support Files/Pods-Tunerval/Pods-Tunerval.release.xcconfig"; sourceTree = "<group>"; };
		220CC9D31C89608A00EFF7DA /* Animation.h */ = {isa = PBXFileReference; fileEncoding = 4; lastKnownFileType = sourcecode.c.h; path = Animation.h; sourceTree = "<group>"; };
		220CC9D41C89608A00EFF7DA /* Animation.m */ = {isa = PBXFileReference; fileEncoding = 4; lastKnownFileType = sourcecode.c.objc; path = Animation.m; sourceTree = "<group>"; };
		220CC9D71C8A1CE800EFF7DA /* Colors.h */ = {isa = PBXFileReference; fileEncoding = 4; lastKnownFileType = sourcecode.c.h; path = Colors.h; sourceTree = "<group>"; };
		220CC9D81C8A1CE800EFF7DA /* Colors.m */ = {isa = PBXFileReference; fileEncoding = 4; lastKnownFileType = sourcecode.c.objc; path = Colors.m; sourceTree = "<group>"; };
		2219494B1C80E956004D0155 /* Tunerval.app */ = {isa = PBXFileReference; explicitFileType = wrapper.application; includeInIndex = 0; path = Tunerval.app; sourceTree = BUILT_PRODUCTS_DIR; };
		2219494F1C80E956004D0155 /* main.m */ = {isa = PBXFileReference; lastKnownFileType = sourcecode.c.objc; path = main.m; sourceTree = "<group>"; };
		221949511C80E956004D0155 /* AppDelegate.h */ = {isa = PBXFileReference; lastKnownFileType = sourcecode.c.h; path = AppDelegate.h; sourceTree = "<group>"; };
		221949521C80E956004D0155 /* AppDelegate.m */ = {isa = PBXFileReference; lastKnownFileType = sourcecode.c.objc; path = AppDelegate.m; sourceTree = "<group>"; };
		221949541C80E956004D0155 /* ViewController.h */ = {isa = PBXFileReference; lastKnownFileType = sourcecode.c.h; path = ViewController.h; sourceTree = "<group>"; };
		221949551C80E956004D0155 /* ViewController.m */ = {isa = PBXFileReference; lastKnownFileType = sourcecode.c.objc; path = ViewController.m; sourceTree = "<group>"; };
		221949581C80E956004D0155 /* Base */ = {isa = PBXFileReference; lastKnownFileType = file.storyboard; name = Base; path = Base.lproj/Main.storyboard; sourceTree = "<group>"; };
		2219495A1C80E956004D0155 /* Assets.xcassets */ = {isa = PBXFileReference; lastKnownFileType = folder.assetcatalog; path = Assets.xcassets; sourceTree = "<group>"; };
		2219495D1C80E956004D0155 /* Base */ = {isa = PBXFileReference; lastKnownFileType = file.storyboard; name = Base; path = Base.lproj/LaunchScreen.storyboard; sourceTree = "<group>"; };
		2219495F1C80E956004D0155 /* Info.plist */ = {isa = PBXFileReference; lastKnownFileType = text.plist.xml; path = Info.plist; sourceTree = "<group>"; };
		221A03201D7C792400A3225B /* InstrumentsTableViewCell.h */ = {isa = PBXFileReference; fileEncoding = 4; lastKnownFileType = sourcecode.c.h; path = InstrumentsTableViewCell.h; sourceTree = "<group>"; };
		221A03211D7C792400A3225B /* InstrumentsTableViewCell.m */ = {isa = PBXFileReference; fileEncoding = 4; lastKnownFileType = sourcecode.c.objc; path = InstrumentsTableViewCell.m; sourceTree = "<group>"; };
		221B38761D7C7F6E006D94CC /* InstrumentTableViewCell.h */ = {isa = PBXFileReference; fileEncoding = 4; lastKnownFileType = sourcecode.c.h; path = InstrumentTableViewCell.h; sourceTree = "<group>"; };
		221B38771D7C7F6E006D94CC /* InstrumentTableViewCell.m */ = {isa = PBXFileReference; fileEncoding = 4; lastKnownFileType = sourcecode.c.objc; path = InstrumentTableViewCell.m; sourceTree = "<group>"; };
		221CBBDA1CD311040032B655 /* PracticeRemindersNotificationsDisabledView.xib */ = {isa = PBXFileReference; fileEncoding = 4; lastKnownFileType = file.xib; path = PracticeRemindersNotificationsDisabledView.xib; sourceTree = "<group>"; };
		221CBBDC1CD31A360032B655 /* PracticeRemindersNotificationsDisabledView.h */ = {isa = PBXFileReference; fileEncoding = 4; lastKnownFileType = sourcecode.c.h; path = PracticeRemindersNotificationsDisabledView.h; sourceTree = "<group>"; };
		221CBBDD1CD31A360032B655 /* PracticeRemindersNotificationsDisabledView.m */ = {isa = PBXFileReference; fileEncoding = 4; lastKnownFileType = sourcecode.c.objc; path = PracticeRemindersNotificationsDisabledView.m; sourceTree = "<group>"; };
		221E41B01C863DD8008A6255 /* MBRoundProgressView.h */ = {isa = PBXFileReference; fileEncoding = 4; lastKnownFileType = sourcecode.c.h; path = MBRoundProgressView.h; sourceTree = "<group>"; };
		221E41B11C863DD8008A6255 /* MBRoundProgressView.m */ = {isa = PBXFileReference; fileEncoding = 4; lastKnownFileType = sourcecode.c.objc; path = MBRoundProgressView.m; sourceTree = "<group>"; };
		221F245A1C82424500DA4950 /* SettingsTableViewController.h */ = {isa = PBXFileReference; fileEncoding = 4; lastKnownFileType = sourcecode.c.h; path = SettingsTableViewController.h; sourceTree = "<group>"; };
		221F245B1C82424500DA4950 /* SettingsTableViewController.m */ = {isa = PBXFileReference; fileEncoding = 4; lastKnownFileType = sourcecode.c.objc; path = SettingsTableViewController.m; sourceTree = "<group>"; };
		2235BDDF1C8A363700285EA9 /* InformationViewController.h */ = {isa = PBXFileReference; fileEncoding = 4; lastKnownFileType = sourcecode.c.h; path = InformationViewController.h; sourceTree = "<group>"; };
		2235BDE01C8A363700285EA9 /* InformationViewController.m */ = {isa = PBXFileReference; fileEncoding = 4; lastKnownFileType = sourcecode.c.objc; path = InformationViewController.m; sourceTree = "<group>"; };
		224571AE1D827ECA00DEDA93 /* SBEventTracker.h */ = {isa = PBXFileReference; fileEncoding = 4; lastKnownFileType = sourcecode.c.h; path = SBEventTracker.h; sourceTree = "<group>"; };
		224571AF1D827ECA00DEDA93 /* SBEventTracker.m */ = {isa = PBXFileReference; fileEncoding = 4; lastKnownFileType = sourcecode.c.objc; path = SBEventTracker.m; sourceTree = "<group>"; };
		224747651C92AA45004E41D7 /* Constants.h */ = {isa = PBXFileReference; fileEncoding = 4; lastKnownFileType = sourcecode.c.h; path = Constants.h; sourceTree = "<group>"; };
		224747661C92AA45004E41D7 /* Constants.m */ = {isa = PBXFileReference; fileEncoding = 4; lastKnownFileType = sourcecode.c.objc; path = Constants.m; sourceTree = "<group>"; };
		2253CD771CA36A37001630FE /* ChartPickIntervalTableViewController.h */ = {isa = PBXFileReference; fileEncoding = 4; lastKnownFileType = sourcecode.c.h; path = ChartPickIntervalTableViewController.h; sourceTree = "<group>"; };
		2253CD781CA36A37001630FE /* ChartPickIntervalTableViewController.m */ = {isa = PBXFileReference; fileEncoding = 4; lastKnownFileType = sourcecode.c.objc; path = ChartPickIntervalTableViewController.m; sourceTree = "<group>"; };
		2255A2201D7E520E00123363 /* KeychainUserPass.h */ = {isa = PBXFileReference; fileEncoding = 4; lastKnownFileType = sourcecode.c.h; path = KeychainUserPass.h; sourceTree = "<group>"; };
		2255A2211D7E520E00123363 /* KeychainUserPass.m */ = {isa = PBXFileReference; fileEncoding = 4; lastKnownFileType = sourcecode.c.objc; path = KeychainUserPass.m; sourceTree = "<group>"; };
		2255A2271D7E643900123363 /* libz.tbd */ = {isa = PBXFileReference; lastKnownFileType = "sourcecode.text-based-dylib-definition"; name = libz.tbd; path = usr/lib/libz.tbd; sourceTree = SDKROOT; };
		2285ED461D11E33F000B8856 /* WrongAnswerTeachingOverlay.xib */ = {isa = PBXFileReference; fileEncoding = 4; lastKnownFileType = file.xib; path = WrongAnswerTeachingOverlay.xib; sourceTree = "<group>"; };
		2285ED481D11EBEA000B8856 /* UIView+Helpers.h */ = {isa = PBXFileReference; fileEncoding = 4; lastKnownFileType = sourcecode.c.h; path = "UIView+Helpers.h"; sourceTree = "<group>"; };
		2285ED491D11EBEA000B8856 /* UIView+Helpers.m */ = {isa = PBXFileReference; fileEncoding = 4; lastKnownFileType = sourcecode.c.objc; path = "UIView+Helpers.m"; sourceTree = "<group>"; };
		2285ED4B1D11EDB6000B8856 /* WrongAnswerTeachingOverlayView.h */ = {isa = PBXFileReference; fileEncoding = 4; lastKnownFileType = sourcecode.c.h; path = WrongAnswerTeachingOverlayView.h; sourceTree = "<group>"; };
		2285ED4C1D11EDB6000B8856 /* WrongAnswerTeachingOverlayView.m */ = {isa = PBXFileReference; fileEncoding = 4; lastKnownFileType = sourcecode.c.objc; path = WrongAnswerTeachingOverlayView.m; sourceTree = "<group>"; };
		229641131C858E200010F740 /* SettingsIntervalsTableViewController.m */ = {isa = PBXFileReference; fileEncoding = 4; lastKnownFileType = sourcecode.c.objc; path = SettingsIntervalsTableViewController.m; sourceTree = "<group>"; };
		229641141C858E200010F740 /* SettingsIntervalsTableViewController.h */ = {isa = PBXFileReference; fileEncoding = 4; lastKnownFileType = sourcecode.c.h; path = SettingsIntervalsTableViewController.h; sourceTree = "<group>"; };
		22A302E31CCFC8A900340DE9 /* PracticeReminderTableViewController.h */ = {isa = PBXFileReference; fileEncoding = 4; lastKnownFileType = sourcecode.c.h; path = PracticeReminderTableViewController.h; sourceTree = "<group>"; };
		22A302E41CCFC8A900340DE9 /* PracticeReminderTableViewController.m */ = {isa = PBXFileReference; fileEncoding = 4; lastKnownFileType = sourcecode.c.objc; path = PracticeReminderTableViewController.m; sourceTree = "<group>"; };
		22C5BDF31D596C4600947272 /* StoreKit.framework */ = {isa = PBXFileReference; lastKnownFileType = wrapper.framework; name = StoreKit.framework; path = System/Library/Frameworks/StoreKit.framework; sourceTree = SDKROOT; };
		22CD5E481D319211000F386F /* SettingsInstrumentTableViewController.h */ = {isa = PBXFileReference; fileEncoding = 4; lastKnownFileType = sourcecode.c.h; path = SettingsInstrumentTableViewController.h; sourceTree = "<group>"; };
		22CD5E491D319211000F386F /* SettingsInstrumentTableViewController.m */ = {isa = PBXFileReference; fileEncoding = 4; lastKnownFileType = sourcecode.c.objc; path = SettingsInstrumentTableViewController.m; sourceTree = "<group>"; };
		22D178C91C86B5F000B204C1 /* NotePickerView.h */ = {isa = PBXFileReference; fileEncoding = 4; lastKnownFileType = sourcecode.c.h; path = NotePickerView.h; sourceTree = "<group>"; };
		22D178CA1C86B5F000B204C1 /* NotePickerView.m */ = {isa = PBXFileReference; fileEncoding = 4; lastKnownFileType = sourcecode.c.objc; path = NotePickerView.m; sourceTree = "<group>"; };
		22D178D41C86C2BD00B204C1 /* NSAttributedString+Utilities.h */ = {isa = PBXFileReference; fileEncoding = 4; lastKnownFileType = sourcecode.c.h; path = "NSAttributedString+Utilities.h"; sourceTree = "<group>"; };
		22D178D51C86C2BD00B204C1 /* NSAttributedString+Utilities.m */ = {isa = PBXFileReference; fileEncoding = 4; lastKnownFileType = sourcecode.c.objc; path = "NSAttributedString+Utilities.m"; sourceTree = "<group>"; };
		22D178D81C86C3B800B204C1 /* SettingsNoteRangeTableViewController.h */ = {isa = PBXFileReference; fileEncoding = 4; lastKnownFileType = sourcecode.c.h; path = SettingsNoteRangeTableViewController.h; sourceTree = "<group>"; };
		22D178D91C86C3B800B204C1 /* SettingsNoteRangeTableViewController.m */ = {isa = PBXFileReference; fileEncoding = 4; lastKnownFileType = sourcecode.c.objc; path = SettingsNoteRangeTableViewController.m; sourceTree = "<group>"; };
		22E3C7421C9E278F00CD11C5 /* ChartViewController.h */ = {isa = PBXFileReference; fileEncoding = 4; lastKnownFileType = sourcecode.c.h; path = ChartViewController.h; sourceTree = "<group>"; };
		22E3C7431C9E278F00CD11C5 /* ChartViewController.m */ = {isa = PBXFileReference; fileEncoding = 4; lastKnownFileType = sourcecode.c.objc; path = ChartViewController.m; sourceTree = "<group>"; };
		22E3C7451C9E397F00CD11C5 /* ScoresData.h */ = {isa = PBXFileReference; fileEncoding = 4; lastKnownFileType = sourcecode.c.h; path = ScoresData.h; sourceTree = "<group>"; };
		22E3C7461C9E397F00CD11C5 /* ScoresData.m */ = {isa = PBXFileReference; fileEncoding = 4; lastKnownFileType = sourcecode.c.objc; path = ScoresData.m; sourceTree = "<group>"; };
		22EA192E1C9E4EF00006B576 /* ChartsOverviewViewController.h */ = {isa = PBXFileReference; fileEncoding = 4; lastKnownFileType = sourcecode.c.h; path = ChartsOverviewViewController.h; sourceTree = "<group>"; };
		22EA192F1C9E4EF00006B576 /* ChartsOverviewViewController.m */ = {isa = PBXFileReference; fileEncoding = 4; lastKnownFileType = sourcecode.c.objc; path = ChartsOverviewViewController.m; sourceTree = "<group>"; };
		22F0C5C71C882DB8002C6F1C /* SecondsPickerView.h */ = {isa = PBXFileReference; fileEncoding = 4; lastKnownFileType = sourcecode.c.h; path = SecondsPickerView.h; sourceTree = "<group>"; };
		22F0C5C81C882DB8002C6F1C /* SecondsPickerView.m */ = {isa = PBXFileReference; fileEncoding = 4; lastKnownFileType = sourcecode.c.objc; path = SecondsPickerView.m; sourceTree = "<group>"; };
		22F0C5CD1C8835B5002C6F1C /* SettingsNumberPickerTableViewController.h */ = {isa = PBXFileReference; fileEncoding = 4; lastKnownFileType = sourcecode.c.h; path = SettingsNumberPickerTableViewController.h; sourceTree = "<group>"; };
		22F0C5CE1C8835B5002C6F1C /* SettingsNumberPickerTableViewController.m */ = {isa = PBXFileReference; fileEncoding = 4; lastKnownFileType = sourcecode.c.objc; path = SettingsNumberPickerTableViewController.m; sourceTree = "<group>"; };
		22F68EDC1C813D7B0040541F /* Question.h */ = {isa = PBXFileReference; fileEncoding = 4; lastKnownFileType = sourcecode.c.h; path = Question.h; sourceTree = "<group>"; };
		22F68EDD1C813D7B0040541F /* Question.m */ = {isa = PBXFileReference; fileEncoding = 4; lastKnownFileType = sourcecode.c.objc; path = Question.m; sourceTree = "<group>"; };
		22FF37DC1C90D6DD0040C8AA /* MigrationManager.h */ = {isa = PBXFileReference; fileEncoding = 4; lastKnownFileType = sourcecode.c.h; path = MigrationManager.h; sourceTree = "<group>"; };
		22FF37DD1C90D6DD0040C8AA /* MigrationManager.m */ = {isa = PBXFileReference; fileEncoding = 4; lastKnownFileType = sourcecode.c.objc; path = MigrationManager.m; sourceTree = "<group>"; };
		A091A4913F5CD41487BF2C3B /* Pods-Tunerval.debug.xcconfig */ = {isa = PBXFileReference; includeInIndex = 1; lastKnownFileType = text.xcconfig; name = "Pods-Tunerval.debug.xcconfig"; path = "Pods/Target Support Files/Pods-Tunerval/Pods-Tunerval.debug.xcconfig"; sourceTree = "<group>"; };
		B1ADF68B976B15368BF821AA /* Pods_Tunerval.framework */ = {isa = PBXFileReference; explicitFileType = wrapper.framework; includeInIndex = 0; path = Pods_Tunerval.framework; sourceTree = BUILT_PRODUCTS_DIR; };
/* End PBXFileReference section */

/* Begin PBXFrameworksBuildPhase section */
		221949481C80E956004D0155 /* Frameworks */ = {
			isa = PBXFrameworksBuildPhase;
			buildActionMask = 2147483647;
			files = (
				2255A2281D7E643900123363 /* libz.tbd in Frameworks */,
				22C5BDF41D596C4600947272 /* StoreKit.framework in Frameworks */,
				303FB5ACE3AD97776652E25B /* Pods_Tunerval.framework in Frameworks */,
			);
			runOnlyForDeploymentPostprocessing = 0;
		};
/* End PBXFrameworksBuildPhase section */

/* Begin PBXGroup section */
		220CC9D61C8A1CD400EFF7DA /* Model */ = {
			isa = PBXGroup;
			children = (
				220CC9D71C8A1CE800EFF7DA /* Colors.h */,
				220CC9D81C8A1CE800EFF7DA /* Colors.m */,
				224747651C92AA45004E41D7 /* Constants.h */,
				224747661C92AA45004E41D7 /* Constants.m */,
				22FF37DC1C90D6DD0040C8AA /* MigrationManager.h */,
				22FF37DD1C90D6DD0040C8AA /* MigrationManager.m */,
				22F68EDC1C813D7B0040541F /* Question.h */,
				22F68EDD1C813D7B0040541F /* Question.m */,
				22E3C7451C9E397F00CD11C5 /* ScoresData.h */,
				22E3C7461C9E397F00CD11C5 /* ScoresData.m */,
				224571AE1D827ECA00DEDA93 /* SBEventTracker.h */,
				224571AF1D827ECA00DEDA93 /* SBEventTracker.m */,
			);
			name = Model;
			sourceTree = "<group>";
		};
		221949421C80E956004D0155 = {
			isa = PBXGroup;
			children = (
				2219494D1C80E956004D0155 /* Tunerval */,
				2219494C1C80E956004D0155 /* Products */,
				FD32B24027F848E86F4F215E /* Frameworks */,
				62E7E1835FB51BD13D79F46B /* Pods */,
			);
			sourceTree = "<group>";
		};
		2219494C1C80E956004D0155 /* Products */ = {
			isa = PBXGroup;
			children = (
				2219494B1C80E956004D0155 /* Tunerval.app */,
			);
			name = Products;
			sourceTree = "<group>";
		};
		2219494D1C80E956004D0155 /* Tunerval */ = {
			isa = PBXGroup;
			children = (
				220CC9D61C8A1CD400EFF7DA /* Model */,
				22D178D31C86C2AE00B204C1 /* Lib */,
				22D178C81C86B5E100B204C1 /* Views */,
				22D178C71C86ABE000B204C1 /* Controllers */,
				22F68ED81C8136BF0040541F /* Imported */,
				221949511C80E956004D0155 /* AppDelegate.h */,
				221949521C80E956004D0155 /* AppDelegate.m */,
				2219495A1C80E956004D0155 /* Assets.xcassets */,
				2219495F1C80E956004D0155 /* Info.plist */,
				2219494E1C80E956004D0155 /* Supporting Files */,
			);
			path = Tunerval;
			sourceTree = "<group>";
		};
		2219494E1C80E956004D0155 /* Supporting Files */ = {
			isa = PBXGroup;
			children = (
				2219494F1C80E956004D0155 /* main.m */,
			);
			name = "Supporting Files";
			sourceTree = "<group>";
		};
		221A03191D7B57F600A3225B /* Settings */ = {
			isa = PBXGroup;
			children = (
				221B38751D7C7F5C006D94CC /* Instruments */,
				221A03201D7C792400A3225B /* InstrumentsTableViewCell.h */,
				221A03211D7C792400A3225B /* InstrumentsTableViewCell.m */,
			);
			name = Settings;
			sourceTree = "<group>";
		};
		221B38751D7C7F5C006D94CC /* Instruments */ = {
			isa = PBXGroup;
			children = (
				221B38761D7C7F6E006D94CC /* InstrumentTableViewCell.h */,
				221B38771D7C7F6E006D94CC /* InstrumentTableViewCell.m */,
			);
			name = Instruments;
			sourceTree = "<group>";
		};
		22D178C71C86ABE000B204C1 /* Controllers */ = {
			isa = PBXGroup;
			children = (
				22E3C7411C9E278700CD11C5 /* Charts */,
				22D178D71C86C39500B204C1 /* Settings */,
				221949541C80E956004D0155 /* ViewController.h */,
				221949551C80E956004D0155 /* ViewController.m */,
				2235BDDF1C8A363700285EA9 /* InformationViewController.h */,
				2235BDE01C8A363700285EA9 /* InformationViewController.m */,
			);
			name = Controllers;
			sourceTree = "<group>";
		};
		22D178C81C86B5E100B204C1 /* Views */ = {
			isa = PBXGroup;
			children = (
				221A03191D7B57F600A3225B /* Settings */,
				221949571C80E956004D0155 /* Main.storyboard */,
				2219495C1C80E956004D0155 /* LaunchScreen.storyboard */,
				221CBBDA1CD311040032B655 /* PracticeRemindersNotificationsDisabledView.xib */,
				2285ED461D11E33F000B8856 /* WrongAnswerTeachingOverlay.xib */,
				22D178C91C86B5F000B204C1 /* NotePickerView.h */,
				22D178CA1C86B5F000B204C1 /* NotePickerView.m */,
				22F0C5C71C882DB8002C6F1C /* SecondsPickerView.h */,
				22F0C5C81C882DB8002C6F1C /* SecondsPickerView.m */,
				220CC9D31C89608A00EFF7DA /* Animation.h */,
				220CC9D41C89608A00EFF7DA /* Animation.m */,
				221CBBDC1CD31A360032B655 /* PracticeRemindersNotificationsDisabledView.h */,
				221CBBDD1CD31A360032B655 /* PracticeRemindersNotificationsDisabledView.m */,
				2285ED4B1D11EDB6000B8856 /* WrongAnswerTeachingOverlayView.h */,
				2285ED4C1D11EDB6000B8856 /* WrongAnswerTeachingOverlayView.m */,
			);
			name = Views;
			sourceTree = "<group>";
		};
		22D178D31C86C2AE00B204C1 /* Lib */ = {
			isa = PBXGroup;
			children = (
				22D178D41C86C2BD00B204C1 /* NSAttributedString+Utilities.h */,
				22D178D51C86C2BD00B204C1 /* NSAttributedString+Utilities.m */,
				2255A2201D7E520E00123363 /* KeychainUserPass.h */,
				2255A2211D7E520E00123363 /* KeychainUserPass.m */,
			);
			name = Lib;
			sourceTree = "<group>";
		};
		22D178D71C86C39500B204C1 /* Settings */ = {
			isa = PBXGroup;
			children = (
				22F0C5CD1C8835B5002C6F1C /* SettingsNumberPickerTableViewController.h */,
				22F0C5CE1C8835B5002C6F1C /* SettingsNumberPickerTableViewController.m */,
				221F245A1C82424500DA4950 /* SettingsTableViewController.h */,
				221F245B1C82424500DA4950 /* SettingsTableViewController.m */,
				229641141C858E200010F740 /* SettingsIntervalsTableViewController.h */,
				229641131C858E200010F740 /* SettingsIntervalsTableViewController.m */,
				22D178D81C86C3B800B204C1 /* SettingsNoteRangeTableViewController.h */,
				22D178D91C86C3B800B204C1 /* SettingsNoteRangeTableViewController.m */,
				22A302E31CCFC8A900340DE9 /* PracticeReminderTableViewController.h */,
				22A302E41CCFC8A900340DE9 /* PracticeReminderTableViewController.m */,
				22CD5E481D319211000F386F /* SettingsInstrumentTableViewController.h */,
				22CD5E491D319211000F386F /* SettingsInstrumentTableViewController.m */,
			);
			name = Settings;
			sourceTree = "<group>";
		};
		22E3C7411C9E278700CD11C5 /* Charts */ = {
			isa = PBXGroup;
			children = (
				22E3C7421C9E278F00CD11C5 /* ChartViewController.h */,
				22E3C7431C9E278F00CD11C5 /* ChartViewController.m */,
				22EA192E1C9E4EF00006B576 /* ChartsOverviewViewController.h */,
				22EA192F1C9E4EF00006B576 /* ChartsOverviewViewController.m */,
				2253CD771CA36A37001630FE /* ChartPickIntervalTableViewController.h */,
				2253CD781CA36A37001630FE /* ChartPickIntervalTableViewController.m */,
			);
			name = Charts;
			sourceTree = "<group>";
		};
		22F68ED81C8136BF0040541F /* Imported */ = {
			isa = PBXGroup;
			children = (
				2285ED481D11EBEA000B8856 /* UIView+Helpers.h */,
				2285ED491D11EBEA000B8856 /* UIView+Helpers.m */,
				221E41B01C863DD8008A6255 /* MBRoundProgressView.h */,
				221E41B11C863DD8008A6255 /* MBRoundProgressView.m */,
			);
			name = Imported;
			sourceTree = "<group>";
		};
		62E7E1835FB51BD13D79F46B /* Pods */ = {
			isa = PBXGroup;
			children = (
				A091A4913F5CD41487BF2C3B /* Pods-Tunerval.debug.xcconfig */,
				0E6E42034094C01C192724CE /* Pods-Tunerval.release.xcconfig */,
			);
			name = Pods;
			sourceTree = "<group>";
		};
		FD32B24027F848E86F4F215E /* Frameworks */ = {
			isa = PBXGroup;
			children = (
				2255A2271D7E643900123363 /* libz.tbd */,
				22C5BDF31D596C4600947272 /* StoreKit.framework */,
				B1ADF68B976B15368BF821AA /* Pods_Tunerval.framework */,
			);
			name = Frameworks;
			sourceTree = "<group>";
		};
/* End PBXGroup section */

/* Begin PBXNativeTarget section */
		2219494A1C80E956004D0155 /* Tunerval */ = {
			isa = PBXNativeTarget;
			buildConfigurationList = 221949621C80E956004D0155 /* Build configuration list for PBXNativeTarget "Tunerval" */;
			buildPhases = (
				613DD9E9E0D32C5F71396A5A /* [CP] Check Pods Manifest.lock */,
				221949471C80E956004D0155 /* Sources */,
				221949481C80E956004D0155 /* Frameworks */,
				221949491C80E956004D0155 /* Resources */,
				E55CF4764290F68FF298CC1F /* [CP] Embed Pods Frameworks */,
				A600A5C33459D47121F0632D /* [CP] Copy Pods Resources */,
			);
			buildRules = (
			);
			dependencies = (
			);
			name = Tunerval;
			productName = Tunerval;
			productReference = 2219494B1C80E956004D0155 /* Tunerval.app */;
			productType = "com.apple.product-type.application";
		};
/* End PBXNativeTarget section */

/* Begin PBXProject section */
		221949431C80E956004D0155 /* Project object */ = {
			isa = PBXProject;
			attributes = {
				LastUpgradeCheck = 0720;
				ORGANIZATIONNAME = "Sam Bender";
				TargetAttributes = {
					2219494A1C80E956004D0155 = {
						CreatedOnToolsVersion = 7.2.1;
						DevelopmentTeam = 2VJY2AJVXJ;
						SystemCapabilities = {
							com.apple.InAppPurchase = {
								enabled = 1;
							};
						};
					};
				};
			};
			buildConfigurationList = 221949461C80E956004D0155 /* Build configuration list for PBXProject "Tunerval" */;
			compatibilityVersion = "Xcode 3.2";
			developmentRegion = English;
			hasScannedForEncodings = 0;
			knownRegions = (
				en,
				Base,
			);
			mainGroup = 221949421C80E956004D0155;
			productRefGroup = 2219494C1C80E956004D0155 /* Products */;
			projectDirPath = "";
			projectRoot = "";
			targets = (
				2219494A1C80E956004D0155 /* Tunerval */,
			);
		};
/* End PBXProject section */

/* Begin PBXResourcesBuildPhase section */
		221949491C80E956004D0155 /* Resources */ = {
			isa = PBXResourcesBuildPhase;
			buildActionMask = 2147483647;
			files = (
				221CBBDB1CD311040032B655 /* PracticeRemindersNotificationsDisabledView.xib in Resources */,
				2219495E1C80E956004D0155 /* LaunchScreen.storyboard in Resources */,
				2285ED471D11E33F000B8856 /* WrongAnswerTeachingOverlay.xib in Resources */,
				2219495B1C80E956004D0155 /* Assets.xcassets in Resources */,
				221949591C80E956004D0155 /* Main.storyboard in Resources */,
			);
			runOnlyForDeploymentPostprocessing = 0;
		};
/* End PBXResourcesBuildPhase section */

/* Begin PBXShellScriptBuildPhase section */
		613DD9E9E0D32C5F71396A5A /* [CP] Check Pods Manifest.lock */ = {
			isa = PBXShellScriptBuildPhase;
			buildActionMask = 2147483647;
			files = (
			);
			inputPaths = (
			);
			name = "[CP] Check Pods Manifest.lock";
			outputPaths = (
			);
			runOnlyForDeploymentPostprocessing = 0;
			shellPath = /bin/sh;
			shellScript = "diff \"${PODS_ROOT}/../Podfile.lock\" \"${PODS_ROOT}/Manifest.lock\" > /dev/null\nif [[ $? != 0 ]] ; then\n    cat << EOM\nerror: The sandbox is not in sync with the Podfile.lock. Run 'pod install' or update your CocoaPods installation.\nEOM\n    exit 1\nfi\n";
			showEnvVarsInLog = 0;
		};
		A600A5C33459D47121F0632D /* [CP] Copy Pods Resources */ = {
			isa = PBXShellScriptBuildPhase;
			buildActionMask = 2147483647;
			files = (
			);
			inputPaths = (
			);
			name = "[CP] Copy Pods Resources";
			outputPaths = (
			);
			runOnlyForDeploymentPostprocessing = 0;
			shellPath = /bin/sh;
			shellScript = "\"${SRCROOT}/Pods/Target Support Files/Pods-Tunerval/Pods-Tunerval-resources.sh\"\n";
			showEnvVarsInLog = 0;
		};
		E55CF4764290F68FF298CC1F /* [CP] Embed Pods Frameworks */ = {
			isa = PBXShellScriptBuildPhase;
			buildActionMask = 2147483647;
			files = (
			);
			inputPaths = (
			);
			name = "[CP] Embed Pods Frameworks";
			outputPaths = (
			);
			runOnlyForDeploymentPostprocessing = 0;
			shellPath = /bin/sh;
			shellScript = "\"${SRCROOT}/Pods/Target Support Files/Pods-Tunerval/Pods-Tunerval-frameworks.sh\"\n";
			showEnvVarsInLog = 0;
		};
/* End PBXShellScriptBuildPhase section */

/* Begin PBXSourcesBuildPhase section */
		221949471C80E956004D0155 /* Sources */ = {
			isa = PBXSourcesBuildPhase;
			buildActionMask = 2147483647;
			files = (
				221949561C80E956004D0155 /* ViewController.m in Sources */,
				2253CD791CA36A37001630FE /* ChartPickIntervalTableViewController.m in Sources */,
				22E3C7471C9E397F00CD11C5 /* ScoresData.m in Sources */,
				221949531C80E956004D0155 /* AppDelegate.m in Sources */,
				221B38781D7C7F6E006D94CC /* InstrumentTableViewCell.m in Sources */,
				22F0C5CF1C8835B5002C6F1C /* SettingsNumberPickerTableViewController.m in Sources */,
				221F245C1C82424500DA4950 /* SettingsTableViewController.m in Sources */,
				224747671C92AA45004E41D7 /* Constants.m in Sources */,
				2255A2221D7E520E00123363 /* KeychainUserPass.m in Sources */,
				2285ED4D1D11EDB6000B8856 /* WrongAnswerTeachingOverlayView.m in Sources */,
				224571B01D827ECA00DEDA93 /* SBEventTracker.m in Sources */,
				221949501C80E956004D0155 /* main.m in Sources */,
				221A03221D7C792400A3225B /* InstrumentsTableViewCell.m in Sources */,
				22F0C5C91C882DB8002C6F1C /* SecondsPickerView.m in Sources */,
				22D178DA1C86C3B800B204C1 /* SettingsNoteRangeTableViewController.m in Sources */,
				22A302E51CCFC8A900340DE9 /* PracticeReminderTableViewController.m in Sources */,
				220CC9D51C89608A00EFF7DA /* Animation.m in Sources */,
				22CD5E4A1D319211000F386F /* SettingsInstrumentTableViewController.m in Sources */,
				22E3C7441C9E278F00CD11C5 /* ChartViewController.m in Sources */,
				22D178D61C86C2BD00B204C1 /* NSAttributedString+Utilities.m in Sources */,
				22D178CB1C86B5F000B204C1 /* NotePickerView.m in Sources */,
				221CBBDE1CD31A360032B655 /* PracticeRemindersNotificationsDisabledView.m in Sources */,
				2235BDE11C8A363700285EA9 /* InformationViewController.m in Sources */,
				22F68EDE1C813D7B0040541F /* Question.m in Sources */,
				2285ED4A1D11EBEA000B8856 /* UIView+Helpers.m in Sources */,
				220CC9D91C8A1CE800EFF7DA /* Colors.m in Sources */,
				229641151C858E200010F740 /* SettingsIntervalsTableViewController.m in Sources */,
				22EA19301C9E4EF00006B576 /* ChartsOverviewViewController.m in Sources */,
				22FF37DE1C90D6DD0040C8AA /* MigrationManager.m in Sources */,
				221E41B21C863DD8008A6255 /* MBRoundProgressView.m in Sources */,
			);
			runOnlyForDeploymentPostprocessing = 0;
		};
/* End PBXSourcesBuildPhase section */

/* Begin PBXVariantGroup section */
		221949571C80E956004D0155 /* Main.storyboard */ = {
			isa = PBXVariantGroup;
			children = (
				221949581C80E956004D0155 /* Base */,
			);
			name = Main.storyboard;
			sourceTree = "<group>";
		};
		2219495C1C80E956004D0155 /* LaunchScreen.storyboard */ = {
			isa = PBXVariantGroup;
			children = (
				2219495D1C80E956004D0155 /* Base */,
			);
			name = LaunchScreen.storyboard;
			sourceTree = "<group>";
		};
/* End PBXVariantGroup section */

/* Begin XCBuildConfiguration section */
		221949601C80E956004D0155 /* Debug */ = {
			isa = XCBuildConfiguration;
			buildSettings = {
				ALWAYS_SEARCH_USER_PATHS = NO;
				CLANG_CXX_LANGUAGE_STANDARD = "gnu++0x";
				CLANG_CXX_LIBRARY = "libc++";
				CLANG_ENABLE_MODULES = YES;
				CLANG_ENABLE_OBJC_ARC = YES;
				CLANG_WARN_BOOL_CONVERSION = YES;
				CLANG_WARN_CONSTANT_CONVERSION = YES;
				CLANG_WARN_DIRECT_OBJC_ISA_USAGE = YES_ERROR;
				CLANG_WARN_EMPTY_BODY = YES;
				CLANG_WARN_ENUM_CONVERSION = YES;
				CLANG_WARN_INT_CONVERSION = YES;
				CLANG_WARN_OBJC_ROOT_CLASS = YES_ERROR;
				CLANG_WARN_UNREACHABLE_CODE = YES;
				CLANG_WARN__DUPLICATE_METHOD_MATCH = YES;
				"CODE_SIGN_IDENTITY[sdk=iphoneos*]" = "iPhone Developer";
				COPY_PHASE_STRIP = NO;
				DEBUG_INFORMATION_FORMAT = dwarf;
				ENABLE_STRICT_OBJC_MSGSEND = YES;
				ENABLE_TESTABILITY = YES;
				GCC_C_LANGUAGE_STANDARD = gnu99;
				GCC_DYNAMIC_NO_PIC = NO;
				GCC_NO_COMMON_BLOCKS = YES;
				GCC_OPTIMIZATION_LEVEL = 0;
				GCC_PREPROCESSOR_DEFINITIONS = (
					"DEBUG=1",
					"$(inherited)",
				);
				GCC_WARN_64_TO_32_BIT_CONVERSION = YES;
				GCC_WARN_ABOUT_RETURN_TYPE = YES_ERROR;
				GCC_WARN_UNDECLARED_SELECTOR = YES;
				GCC_WARN_UNINITIALIZED_AUTOS = YES_AGGRESSIVE;
				GCC_WARN_UNUSED_FUNCTION = YES;
				GCC_WARN_UNUSED_VARIABLE = YES;
				HEADER_SEARCH_PATHS = "";
				IPHONEOS_DEPLOYMENT_TARGET = 9.2;
				MTL_ENABLE_DEBUG_INFO = YES;
				ONLY_ACTIVE_ARCH = YES;
				PROVISIONING_PROFILE = "cf225e5b-4e4a-4144-ac27-a1db0a7edc36";
				SDKROOT = iphoneos;
				TARGETED_DEVICE_FAMILY = "1,2";
			};
			name = Debug;
		};
		221949611C80E956004D0155 /* Release */ = {
			isa = XCBuildConfiguration;
			buildSettings = {
				ALWAYS_SEARCH_USER_PATHS = NO;
				CLANG_CXX_LANGUAGE_STANDARD = "gnu++0x";
				CLANG_CXX_LIBRARY = "libc++";
				CLANG_ENABLE_MODULES = YES;
				CLANG_ENABLE_OBJC_ARC = YES;
				CLANG_WARN_BOOL_CONVERSION = YES;
				CLANG_WARN_CONSTANT_CONVERSION = YES;
				CLANG_WARN_DIRECT_OBJC_ISA_USAGE = YES_ERROR;
				CLANG_WARN_EMPTY_BODY = YES;
				CLANG_WARN_ENUM_CONVERSION = YES;
				CLANG_WARN_INT_CONVERSION = YES;
				CLANG_WARN_OBJC_ROOT_CLASS = YES_ERROR;
				CLANG_WARN_UNREACHABLE_CODE = YES;
				CLANG_WARN__DUPLICATE_METHOD_MATCH = YES;
				"CODE_SIGN_IDENTITY[sdk=iphoneos*]" = "iPhone Developer";
				COPY_PHASE_STRIP = NO;
				DEBUG_INFORMATION_FORMAT = "dwarf-with-dsym";
				ENABLE_NS_ASSERTIONS = NO;
				ENABLE_STRICT_OBJC_MSGSEND = YES;
				GCC_C_LANGUAGE_STANDARD = gnu99;
				GCC_NO_COMMON_BLOCKS = YES;
				GCC_WARN_64_TO_32_BIT_CONVERSION = YES;
				GCC_WARN_ABOUT_RETURN_TYPE = YES_ERROR;
				GCC_WARN_UNDECLARED_SELECTOR = YES;
				GCC_WARN_UNINITIALIZED_AUTOS = YES_AGGRESSIVE;
				GCC_WARN_UNUSED_FUNCTION = YES;
				GCC_WARN_UNUSED_VARIABLE = YES;
				HEADER_SEARCH_PATHS = "";
				IPHONEOS_DEPLOYMENT_TARGET = 9.2;
				MTL_ENABLE_DEBUG_INFO = NO;
				PROVISIONING_PROFILE = "cf225e5b-4e4a-4144-ac27-a1db0a7edc36";
				SDKROOT = iphoneos;
				TARGETED_DEVICE_FAMILY = "1,2";
				VALIDATE_PRODUCT = YES;
			};
			name = Release;
		};
		221949631C80E956004D0155 /* Debug */ = {
			isa = XCBuildConfiguration;
			baseConfigurationReference = A091A4913F5CD41487BF2C3B /* Pods-Tunerval.debug.xcconfig */;
			buildSettings = {
				ASSETCATALOG_COMPILER_APPICON_NAME = AppIcon;
				CODE_SIGN_IDENTITY = "iPhone Developer";
				"CODE_SIGN_IDENTITY[sdk=iphoneos*]" = "iPhone Developer";
				INFOPLIST_FILE = Tunerval/Info.plist;
				IPHONEOS_DEPLOYMENT_TARGET = 8.0;
				LD_RUNPATH_SEARCH_PATHS = "$(inherited) @executable_path/Frameworks";
				PRODUCT_BUNDLE_IDENTIFIER = com.sambender.Tunerval;
				PRODUCT_NAME = "$(TARGET_NAME)";
				PROVISIONING_PROFILE = "";
			};
			name = Debug;
		};
		221949641C80E956004D0155 /* Release */ = {
			isa = XCBuildConfiguration;
			baseConfigurationReference = 0E6E42034094C01C192724CE /* Pods-Tunerval.release.xcconfig */;
			buildSettings = {
				ASSETCATALOG_COMPILER_APPICON_NAME = AppIcon;
				CODE_SIGN_IDENTITY = "iPhone Developer";
				"CODE_SIGN_IDENTITY[sdk=iphoneos*]" = "iPhone Developer";
				INFOPLIST_FILE = Tunerval/Info.plist;
				IPHONEOS_DEPLOYMENT_TARGET = 8.0;
				LD_RUNPATH_SEARCH_PATHS = "$(inherited) @executable_path/Frameworks";
				PRODUCT_BUNDLE_IDENTIFIER = com.sambender.Tunerval;
				PRODUCT_NAME = "$(TARGET_NAME)";
				PROVISIONING_PROFILE = "";
			};
			name = Release;
		};
/* End XCBuildConfiguration section */

/* Begin XCConfigurationList section */
		221949461C80E956004D0155 /* Build configuration list for PBXProject "Tunerval" */ = {
			isa = XCConfigurationList;
			buildConfigurations = (
				221949601C80E956004D0155 /* Debug */,
				221949611C80E956004D0155 /* Release */,
			);
			defaultConfigurationIsVisible = 0;
			defaultConfigurationName = Release;
		};
		221949621C80E956004D0155 /* Build configuration list for PBXNativeTarget "Tunerval" */ = {
			isa = XCConfigurationList;
			buildConfigurations = (
				221949631C80E956004D0155 /* Debug */,
				221949641C80E956004D0155 /* Release */,
			);
			defaultConfigurationIsVisible = 0;
			defaultConfigurationName = Release;
		};
/* End XCConfigurationList section */
	};
	rootObject = 221949431C80E956004D0155 /* Project object */;
}
