// !$*UTF8*$!
{
	archiveVersion = 1;
	classes = {
	};
	objectVersion = 46;
	objects = {

/* Begin PBXBuildFile section */
		2255A1F31D7E4B8A00123363 /* Piano.ff.A#2.mp3 in Resources */ = {isa = PBXBuildFile; fileRef = 2255A1C61D7E4B8A00123363 /* Piano.ff.A#2.mp3 */; };
		2255A1F41D7E4B8A00123363 /* Piano.ff.A#3.mp3 in Resources */ = {isa = PBXBuildFile; fileRef = 2255A1C71D7E4B8A00123363 /* Piano.ff.A#3.mp3 */; };
		2255A1F51D7E4B8A00123363 /* Piano.ff.A#4.mp3 in Resources */ = {isa = PBXBuildFile; fileRef = 2255A1C81D7E4B8A00123363 /* Piano.ff.A#4.mp3 */; };
		2255A1F61D7E4B8A00123363 /* Piano.ff.A#5.mp3 in Resources */ = {isa = PBXBuildFile; fileRef = 2255A1C91D7E4B8A00123363 /* Piano.ff.A#5.mp3 */; };
		2255A1F71D7E4B8A00123363 /* Piano.ff.A2.mp3 in Resources */ = {isa = PBXBuildFile; fileRef = 2255A1CA1D7E4B8A00123363 /* Piano.ff.A2.mp3 */; };
		2255A1F81D7E4B8A00123363 /* Piano.ff.A3.mp3 in Resources */ = {isa = PBXBuildFile; fileRef = 2255A1CB1D7E4B8A00123363 /* Piano.ff.A3.mp3 */; };
		2255A1F91D7E4B8A00123363 /* Piano.ff.A4.mp3 in Resources */ = {isa = PBXBuildFile; fileRef = 2255A1CC1D7E4B8A00123363 /* Piano.ff.A4.mp3 */; };
		2255A1FA1D7E4B8A00123363 /* Piano.ff.A5.mp3 in Resources */ = {isa = PBXBuildFile; fileRef = 2255A1CD1D7E4B8A00123363 /* Piano.ff.A5.mp3 */; };
		2255A1FB1D7E4B8A00123363 /* Piano.ff.B2.mp3 in Resources */ = {isa = PBXBuildFile; fileRef = 2255A1CE1D7E4B8A00123363 /* Piano.ff.B2.mp3 */; };
		2255A1FC1D7E4B8A00123363 /* Piano.ff.B3.mp3 in Resources */ = {isa = PBXBuildFile; fileRef = 2255A1CF1D7E4B8A00123363 /* Piano.ff.B3.mp3 */; };
		2255A1FD1D7E4B8A00123363 /* Piano.ff.B4.mp3 in Resources */ = {isa = PBXBuildFile; fileRef = 2255A1D01D7E4B8A00123363 /* Piano.ff.B4.mp3 */; };
		2255A1FE1D7E4B8A00123363 /* Piano.ff.B5.mp3 in Resources */ = {isa = PBXBuildFile; fileRef = 2255A1D11D7E4B8A00123363 /* Piano.ff.B5.mp3 */; };
		2255A1FF1D7E4B8A00123363 /* Piano.ff.C#3.mp3 in Resources */ = {isa = PBXBuildFile; fileRef = 2255A1D21D7E4B8A00123363 /* Piano.ff.C#3.mp3 */; };
		2255A2001D7E4B8A00123363 /* Piano.ff.C#4.mp3 in Resources */ = {isa = PBXBuildFile; fileRef = 2255A1D31D7E4B8A00123363 /* Piano.ff.C#4.mp3 */; };
		2255A2011D7E4B8A00123363 /* Piano.ff.C#5.mp3 in Resources */ = {isa = PBXBuildFile; fileRef = 2255A1D41D7E4B8A00123363 /* Piano.ff.C#5.mp3 */; };
		2255A2021D7E4B8A00123363 /* Piano.ff.C3.mp3 in Resources */ = {isa = PBXBuildFile; fileRef = 2255A1D51D7E4B8A00123363 /* Piano.ff.C3.mp3 */; };
		2255A2031D7E4B8A00123363 /* Piano.ff.C4.mp3 in Resources */ = {isa = PBXBuildFile; fileRef = 2255A1D61D7E4B8A00123363 /* Piano.ff.C4.mp3 */; };
		2255A2041D7E4B8A00123363 /* Piano.ff.C5.mp3 in Resources */ = {isa = PBXBuildFile; fileRef = 2255A1D71D7E4B8A00123363 /* Piano.ff.C5.mp3 */; };
		2255A2051D7E4B8A00123363 /* Piano.ff.C6.mp3 in Resources */ = {isa = PBXBuildFile; fileRef = 2255A1D81D7E4B8A00123363 /* Piano.ff.C6.mp3 */; };
		2255A2061D7E4B8A00123363 /* Piano.ff.D#3.mp3 in Resources */ = {isa = PBXBuildFile; fileRef = 2255A1D91D7E4B8A00123363 /* Piano.ff.D#3.mp3 */; };
		2255A2071D7E4B8A00123363 /* Piano.ff.D#4.mp3 in Resources */ = {isa = PBXBuildFile; fileRef = 2255A1DA1D7E4B8A00123363 /* Piano.ff.D#4.mp3 */; };
		2255A2081D7E4B8A00123363 /* Piano.ff.D#5.mp3 in Resources */ = {isa = PBXBuildFile; fileRef = 2255A1DB1D7E4B8A00123363 /* Piano.ff.D#5.mp3 */; };
		2255A2091D7E4B8A00123363 /* Piano.ff.D3.mp3 in Resources */ = {isa = PBXBuildFile; fileRef = 2255A1DC1D7E4B8A00123363 /* Piano.ff.D3.mp3 */; };
		2255A20A1D7E4B8A00123363 /* Piano.ff.D4.mp3 in Resources */ = {isa = PBXBuildFile; fileRef = 2255A1DD1D7E4B8A00123363 /* Piano.ff.D4.mp3 */; };
		2255A20B1D7E4B8A00123363 /* Piano.ff.D5.mp3 in Resources */ = {isa = PBXBuildFile; fileRef = 2255A1DE1D7E4B8A00123363 /* Piano.ff.D5.mp3 */; };
		2255A20C1D7E4B8A00123363 /* Piano.ff.E2.mp3 in Resources */ = {isa = PBXBuildFile; fileRef = 2255A1DF1D7E4B8A00123363 /* Piano.ff.E2.mp3 */; };
		2255A20D1D7E4B8A00123363 /* Piano.ff.E3.mp3 in Resources */ = {isa = PBXBuildFile; fileRef = 2255A1E01D7E4B8A00123363 /* Piano.ff.E3.mp3 */; };
		2255A20E1D7E4B8A00123363 /* Piano.ff.E4.mp3 in Resources */ = {isa = PBXBuildFile; fileRef = 2255A1E11D7E4B8A00123363 /* Piano.ff.E4.mp3 */; };
		2255A20F1D7E4B8A00123363 /* Piano.ff.E5.mp3 in Resources */ = {isa = PBXBuildFile; fileRef = 2255A1E21D7E4B8A00123363 /* Piano.ff.E5.mp3 */; };
		2255A2101D7E4B8A00123363 /* Piano.ff.F#2.mp3 in Resources */ = {isa = PBXBuildFile; fileRef = 2255A1E31D7E4B8A00123363 /* Piano.ff.F#2.mp3 */; };
		2255A2111D7E4B8A00123363 /* Piano.ff.F#3.mp3 in Resources */ = {isa = PBXBuildFile; fileRef = 2255A1E41D7E4B8A00123363 /* Piano.ff.F#3.mp3 */; };
		2255A2121D7E4B8A00123363 /* Piano.ff.F#4.mp3 in Resources */ = {isa = PBXBuildFile; fileRef = 2255A1E51D7E4B8A00123363 /* Piano.ff.F#4.mp3 */; };
		2255A2131D7E4B8A00123363 /* Piano.ff.F#5.mp3 in Resources */ = {isa = PBXBuildFile; fileRef = 2255A1E61D7E4B8A00123363 /* Piano.ff.F#5.mp3 */; };
		2255A2141D7E4B8A00123363 /* Piano.ff.F2.mp3 in Resources */ = {isa = PBXBuildFile; fileRef = 2255A1E71D7E4B8A00123363 /* Piano.ff.F2.mp3 */; };
		2255A2151D7E4B8A00123363 /* Piano.ff.F3.mp3 in Resources */ = {isa = PBXBuildFile; fileRef = 2255A1E81D7E4B8A00123363 /* Piano.ff.F3.mp3 */; };
		2255A2161D7E4B8A00123363 /* Piano.ff.F4.mp3 in Resources */ = {isa = PBXBuildFile; fileRef = 2255A1E91D7E4B8A00123363 /* Piano.ff.F4.mp3 */; };
		2255A2171D7E4B8A00123363 /* Piano.ff.F5.mp3 in Resources */ = {isa = PBXBuildFile; fileRef = 2255A1EA1D7E4B8A00123363 /* Piano.ff.F5.mp3 */; };
		2255A2181D7E4B8A00123363 /* Piano.ff.G#2.mp3 in Resources */ = {isa = PBXBuildFile; fileRef = 2255A1EB1D7E4B8A00123363 /* Piano.ff.G#2.mp3 */; };
		2255A2191D7E4B8A00123363 /* Piano.ff.G#3.mp3 in Resources */ = {isa = PBXBuildFile; fileRef = 2255A1EC1D7E4B8A00123363 /* Piano.ff.G#3.mp3 */; };
		2255A21A1D7E4B8A00123363 /* Piano.ff.G#4.mp3 in Resources */ = {isa = PBXBuildFile; fileRef = 2255A1ED1D7E4B8A00123363 /* Piano.ff.G#4.mp3 */; };
		2255A21B1D7E4B8A00123363 /* Piano.ff.G#5.mp3 in Resources */ = {isa = PBXBuildFile; fileRef = 2255A1EE1D7E4B8A00123363 /* Piano.ff.G#5.mp3 */; };
		2255A21C1D7E4B8A00123363 /* Piano.ff.G2.mp3 in Resources */ = {isa = PBXBuildFile; fileRef = 2255A1EF1D7E4B8A00123363 /* Piano.ff.G2.mp3 */; };
		2255A21D1D7E4B8A00123363 /* Piano.ff.G3.mp3 in Resources */ = {isa = PBXBuildFile; fileRef = 2255A1F01D7E4B8A00123363 /* Piano.ff.G3.mp3 */; };
		2255A21E1D7E4B8A00123363 /* Piano.ff.G4.mp3 in Resources */ = {isa = PBXBuildFile; fileRef = 2255A1F11D7E4B8A00123363 /* Piano.ff.G4.mp3 */; };
		2255A21F1D7E4B8A00123363 /* Piano.ff.G5.mp3 in Resources */ = {isa = PBXBuildFile; fileRef = 2255A1F21D7E4B8A00123363 /* Piano.ff.G5.mp3 */; };
/* End PBXBuildFile section */

/* Begin PBXFileReference section */
		2255A1BD1D7E4B3800123363 /* InstrumentTypePiano */ = {isa = PBXFileReference; explicitFileType = folder; includeInIndex = 0; path = InstrumentTypePiano; sourceTree = BUILT_PRODUCTS_DIR; };
		2255A1C01D7E4B3800123363 /* ContentInfo.plist */ = {isa = PBXFileReference; lastKnownFileType = text.plist.xml; path = ContentInfo.plist; sourceTree = "<group>"; };
		2255A1C61D7E4B8A00123363 /* Piano.ff.A#2.mp3 */ = {isa = PBXFileReference; lastKnownFileType = audio.mp3; path = "Piano.ff.A#2.mp3"; sourceTree = "<group>"; };
		2255A1C71D7E4B8A00123363 /* Piano.ff.A#3.mp3 */ = {isa = PBXFileReference; lastKnownFileType = audio.mp3; path = "Piano.ff.A#3.mp3"; sourceTree = "<group>"; };
		2255A1C81D7E4B8A00123363 /* Piano.ff.A#4.mp3 */ = {isa = PBXFileReference; lastKnownFileType = audio.mp3; path = "Piano.ff.A#4.mp3"; sourceTree = "<group>"; };
		2255A1C91D7E4B8A00123363 /* Piano.ff.A#5.mp3 */ = {isa = PBXFileReference; lastKnownFileType = audio.mp3; path = "Piano.ff.A#5.mp3"; sourceTree = "<group>"; };
		2255A1CA1D7E4B8A00123363 /* Piano.ff.A2.mp3 */ = {isa = PBXFileReference; lastKnownFileType = audio.mp3; path = Piano.ff.A2.mp3; sourceTree = "<group>"; };
		2255A1CB1D7E4B8A00123363 /* Piano.ff.A3.mp3 */ = {isa = PBXFileReference; lastKnownFileType = audio.mp3; path = Piano.ff.A3.mp3; sourceTree = "<group>"; };
		2255A1CC1D7E4B8A00123363 /* Piano.ff.A4.mp3 */ = {isa = PBXFileReference; lastKnownFileType = audio.mp3; path = Piano.ff.A4.mp3; sourceTree = "<group>"; };
		2255A1CD1D7E4B8A00123363 /* Piano.ff.A5.mp3 */ = {isa = PBXFileReference; lastKnownFileType = audio.mp3; path = Piano.ff.A5.mp3; sourceTree = "<group>"; };
		2255A1CE1D7E4B8A00123363 /* Piano.ff.B2.mp3 */ = {isa = PBXFileReference; lastKnownFileType = audio.mp3; path = Piano.ff.B2.mp3; sourceTree = "<group>"; };
		2255A1CF1D7E4B8A00123363 /* Piano.ff.B3.mp3 */ = {isa = PBXFileReference; lastKnownFileType = audio.mp3; path = Piano.ff.B3.mp3; sourceTree = "<group>"; };
		2255A1D01D7E4B8A00123363 /* Piano.ff.B4.mp3 */ = {isa = PBXFileReference; lastKnownFileType = audio.mp3; path = Piano.ff.B4.mp3; sourceTree = "<group>"; };
		2255A1D11D7E4B8A00123363 /* Piano.ff.B5.mp3 */ = {isa = PBXFileReference; lastKnownFileType = audio.mp3; path = Piano.ff.B5.mp3; sourceTree = "<group>"; };
		2255A1D21D7E4B8A00123363 /* Piano.ff.C#3.mp3 */ = {isa = PBXFileReference; lastKnownFileType = audio.mp3; path = "Piano.ff.C#3.mp3"; sourceTree = "<group>"; };
		2255A1D31D7E4B8A00123363 /* Piano.ff.C#4.mp3 */ = {isa = PBXFileReference; lastKnownFileType = audio.mp3; path = "Piano.ff.C#4.mp3"; sourceTree = "<group>"; };
		2255A1D41D7E4B8A00123363 /* Piano.ff.C#5.mp3 */ = {isa = PBXFileReference; lastKnownFileType = audio.mp3; path = "Piano.ff.C#5.mp3"; sourceTree = "<group>"; };
		2255A1D51D7E4B8A00123363 /* Piano.ff.C3.mp3 */ = {isa = PBXFileReference; lastKnownFileType = audio.mp3; path = Piano.ff.C3.mp3; sourceTree = "<group>"; };
		2255A1D61D7E4B8A00123363 /* Piano.ff.C4.mp3 */ = {isa = PBXFileReference; lastKnownFileType = audio.mp3; path = Piano.ff.C4.mp3; sourceTree = "<group>"; };
		2255A1D71D7E4B8A00123363 /* Piano.ff.C5.mp3 */ = {isa = PBXFileReference; lastKnownFileType = audio.mp3; path = Piano.ff.C5.mp3; sourceTree = "<group>"; };
		2255A1D81D7E4B8A00123363 /* Piano.ff.C6.mp3 */ = {isa = PBXFileReference; lastKnownFileType = audio.mp3; path = Piano.ff.C6.mp3; sourceTree = "<group>"; };
		2255A1D91D7E4B8A00123363 /* Piano.ff.D#3.mp3 */ = {isa = PBXFileReference; lastKnownFileType = audio.mp3; path = "Piano.ff.D#3.mp3"; sourceTree = "<group>"; };
		2255A1DA1D7E4B8A00123363 /* Piano.ff.D#4.mp3 */ = {isa = PBXFileReference; lastKnownFileType = audio.mp3; path = "Piano.ff.D#4.mp3"; sourceTree = "<group>"; };
		2255A1DB1D7E4B8A00123363 /* Piano.ff.D#5.mp3 */ = {isa = PBXFileReference; lastKnownFileType = audio.mp3; path = "Piano.ff.D#5.mp3"; sourceTree = "<group>"; };
		2255A1DC1D7E4B8A00123363 /* Piano.ff.D3.mp3 */ = {isa = PBXFileReference; lastKnownFileType = audio.mp3; path = Piano.ff.D3.mp3; sourceTree = "<group>"; };
		2255A1DD1D7E4B8A00123363 /* Piano.ff.D4.mp3 */ = {isa = PBXFileReference; lastKnownFileType = audio.mp3; path = Piano.ff.D4.mp3; sourceTree = "<group>"; };
		2255A1DE1D7E4B8A00123363 /* Piano.ff.D5.mp3 */ = {isa = PBXFileReference; lastKnownFileType = audio.mp3; path = Piano.ff.D5.mp3; sourceTree = "<group>"; };
		2255A1DF1D7E4B8A00123363 /* Piano.ff.E2.mp3 */ = {isa = PBXFileReference; lastKnownFileType = audio.mp3; path = Piano.ff.E2.mp3; sourceTree = "<group>"; };
		2255A1E01D7E4B8A00123363 /* Piano.ff.E3.mp3 */ = {isa = PBXFileReference; lastKnownFileType = audio.mp3; path = Piano.ff.E3.mp3; sourceTree = "<group>"; };
		2255A1E11D7E4B8A00123363 /* Piano.ff.E4.mp3 */ = {isa = PBXFileReference; lastKnownFileType = audio.mp3; path = Piano.ff.E4.mp3; sourceTree = "<group>"; };
		2255A1E21D7E4B8A00123363 /* Piano.ff.E5.mp3 */ = {isa = PBXFileReference; lastKnownFileType = audio.mp3; path = Piano.ff.E5.mp3; sourceTree = "<group>"; };
		2255A1E31D7E4B8A00123363 /* Piano.ff.F#2.mp3 */ = {isa = PBXFileReference; lastKnownFileType = audio.mp3; path = "Piano.ff.F#2.mp3"; sourceTree = "<group>"; };
		2255A1E41D7E4B8A00123363 /* Piano.ff.F#3.mp3 */ = {isa = PBXFileReference; lastKnownFileType = audio.mp3; path = "Piano.ff.F#3.mp3"; sourceTree = "<group>"; };
		2255A1E51D7E4B8A00123363 /* Piano.ff.F#4.mp3 */ = {isa = PBXFileReference; lastKnownFileType = audio.mp3; path = "Piano.ff.F#4.mp3"; sourceTree = "<group>"; };
		2255A1E61D7E4B8A00123363 /* Piano.ff.F#5.mp3 */ = {isa = PBXFileReference; lastKnownFileType = audio.mp3; path = "Piano.ff.F#5.mp3"; sourceTree = "<group>"; };
		2255A1E71D7E4B8A00123363 /* Piano.ff.F2.mp3 */ = {isa = PBXFileReference; lastKnownFileType = audio.mp3; path = Piano.ff.F2.mp3; sourceTree = "<group>"; };
		2255A1E81D7E4B8A00123363 /* Piano.ff.F3.mp3 */ = {isa = PBXFileReference; lastKnownFileType = audio.mp3; path = Piano.ff.F3.mp3; sourceTree = "<group>"; };
		2255A1E91D7E4B8A00123363 /* Piano.ff.F4.mp3 */ = {isa = PBXFileReference; lastKnownFileType = audio.mp3; path = Piano.ff.F4.mp3; sourceTree = "<group>"; };
		2255A1EA1D7E4B8A00123363 /* Piano.ff.F5.mp3 */ = {isa = PBXFileReference; lastKnownFileType = audio.mp3; path = Piano.ff.F5.mp3; sourceTree = "<group>"; };
		2255A1EB1D7E4B8A00123363 /* Piano.ff.G#2.mp3 */ = {isa = PBXFileReference; lastKnownFileType = audio.mp3; path = "Piano.ff.G#2.mp3"; sourceTree = "<group>"; };
		2255A1EC1D7E4B8A00123363 /* Piano.ff.G#3.mp3 */ = {isa = PBXFileReference; lastKnownFileType = audio.mp3; path = "Piano.ff.G#3.mp3"; sourceTree = "<group>"; };
		2255A1ED1D7E4B8A00123363 /* Piano.ff.G#4.mp3 */ = {isa = PBXFileReference; lastKnownFileType = audio.mp3; path = "Piano.ff.G#4.mp3"; sourceTree = "<group>"; };
		2255A1EE1D7E4B8A00123363 /* Piano.ff.G#5.mp3 */ = {isa = PBXFileReference; lastKnownFileType = audio.mp3; path = "Piano.ff.G#5.mp3"; sourceTree = "<group>"; };
		2255A1EF1D7E4B8A00123363 /* Piano.ff.G2.mp3 */ = {isa = PBXFileReference; lastKnownFileType = audio.mp3; path = Piano.ff.G2.mp3; sourceTree = "<group>"; };
		2255A1F01D7E4B8A00123363 /* Piano.ff.G3.mp3 */ = {isa = PBXFileReference; lastKnownFileType = audio.mp3; path = Piano.ff.G3.mp3; sourceTree = "<group>"; };
		2255A1F11D7E4B8A00123363 /* Piano.ff.G4.mp3 */ = {isa = PBXFileReference; lastKnownFileType = audio.mp3; path = Piano.ff.G4.mp3; sourceTree = "<group>"; };
		2255A1F21D7E4B8A00123363 /* Piano.ff.G5.mp3 */ = {isa = PBXFileReference; lastKnownFileType = audio.mp3; path = Piano.ff.G5.mp3; sourceTree = "<group>"; };
/* End PBXFileReference section */

/* Begin PBXGroup section */
		2255A1B61D7E4B3800123363 = {
			isa = PBXGroup;
			children = (
				2255A1BF1D7E4B3800123363 /* InstrumentTypePiano */,
				2255A1BE1D7E4B3800123363 /* Products */,
			);
			sourceTree = "<group>";
		};
		2255A1BE1D7E4B3800123363 /* Products */ = {
			isa = PBXGroup;
			children = (
				2255A1BD1D7E4B3800123363 /* InstrumentTypePiano */,
			);
			name = Products;
			sourceTree = "<group>";
		};
		2255A1BF1D7E4B3800123363 /* InstrumentTypePiano */ = {
			isa = PBXGroup;
			children = (
				2255A1C01D7E4B3800123363 /* ContentInfo.plist */,
				2255A1C61D7E4B8A00123363 /* Piano.ff.A#2.mp3 */,
				2255A1C71D7E4B8A00123363 /* Piano.ff.A#3.mp3 */,
				2255A1C81D7E4B8A00123363 /* Piano.ff.A#4.mp3 */,
				2255A1C91D7E4B8A00123363 /* Piano.ff.A#5.mp3 */,
				2255A1CA1D7E4B8A00123363 /* Piano.ff.A2.mp3 */,
				2255A1CB1D7E4B8A00123363 /* Piano.ff.A3.mp3 */,
				2255A1CC1D7E4B8A00123363 /* Piano.ff.A4.mp3 */,
				2255A1CD1D7E4B8A00123363 /* Piano.ff.A5.mp3 */,
				2255A1CE1D7E4B8A00123363 /* Piano.ff.B2.mp3 */,
				2255A1CF1D7E4B8A00123363 /* Piano.ff.B3.mp3 */,
				2255A1D01D7E4B8A00123363 /* Piano.ff.B4.mp3 */,
				2255A1D11D7E4B8A00123363 /* Piano.ff.B5.mp3 */,
				2255A1D21D7E4B8A00123363 /* Piano.ff.C#3.mp3 */,
				2255A1D31D7E4B8A00123363 /* Piano.ff.C#4.mp3 */,
				2255A1D41D7E4B8A00123363 /* Piano.ff.C#5.mp3 */,
				2255A1D51D7E4B8A00123363 /* Piano.ff.C3.mp3 */,
				2255A1D61D7E4B8A00123363 /* Piano.ff.C4.mp3 */,
				2255A1D71D7E4B8A00123363 /* Piano.ff.C5.mp3 */,
				2255A1D81D7E4B8A00123363 /* Piano.ff.C6.mp3 */,
				2255A1D91D7E4B8A00123363 /* Piano.ff.D#3.mp3 */,
				2255A1DA1D7E4B8A00123363 /* Piano.ff.D#4.mp3 */,
				2255A1DB1D7E4B8A00123363 /* Piano.ff.D#5.mp3 */,
				2255A1DC1D7E4B8A00123363 /* Piano.ff.D3.mp3 */,
				2255A1DD1D7E4B8A00123363 /* Piano.ff.D4.mp3 */,
				2255A1DE1D7E4B8A00123363 /* Piano.ff.D5.mp3 */,
				2255A1DF1D7E4B8A00123363 /* Piano.ff.E2.mp3 */,
				2255A1E01D7E4B8A00123363 /* Piano.ff.E3.mp3 */,
				2255A1E11D7E4B8A00123363 /* Piano.ff.E4.mp3 */,
				2255A1E21D7E4B8A00123363 /* Piano.ff.E5.mp3 */,
				2255A1E31D7E4B8A00123363 /* Piano.ff.F#2.mp3 */,
				2255A1E41D7E4B8A00123363 /* Piano.ff.F#3.mp3 */,
				2255A1E51D7E4B8A00123363 /* Piano.ff.F#4.mp3 */,
				2255A1E61D7E4B8A00123363 /* Piano.ff.F#5.mp3 */,
				2255A1E71D7E4B8A00123363 /* Piano.ff.F2.mp3 */,
				2255A1E81D7E4B8A00123363 /* Piano.ff.F3.mp3 */,
				2255A1E91D7E4B8A00123363 /* Piano.ff.F4.mp3 */,
				2255A1EA1D7E4B8A00123363 /* Piano.ff.F5.mp3 */,
				2255A1EB1D7E4B8A00123363 /* Piano.ff.G#2.mp3 */,
				2255A1EC1D7E4B8A00123363 /* Piano.ff.G#3.mp3 */,
				2255A1ED1D7E4B8A00123363 /* Piano.ff.G#4.mp3 */,
				2255A1EE1D7E4B8A00123363 /* Piano.ff.G#5.mp3 */,
				2255A1EF1D7E4B8A00123363 /* Piano.ff.G2.mp3 */,
				2255A1F01D7E4B8A00123363 /* Piano.ff.G3.mp3 */,
				2255A1F11D7E4B8A00123363 /* Piano.ff.G4.mp3 */,
				2255A1F21D7E4B8A00123363 /* Piano.ff.G5.mp3 */,
			);
			path = InstrumentTypePiano;
			sourceTree = "<group>";
		};
/* End PBXGroup section */

/* Begin PBXNativeTarget section */
		2255A1BC1D7E4B3800123363 /* InstrumentTypePiano */ = {
			isa = PBXNativeTarget;
			buildConfigurationList = 2255A1C31D7E4B3800123363 /* Build configuration list for PBXNativeTarget "InstrumentTypePiano" */;
			buildPhases = (
				2255A1BB1D7E4B3800123363 /* Resources */,
			);
			buildRules = (
			);
			dependencies = (
			);
			name = InstrumentTypePiano;
			productName = InstrumentTypePiano;
			productReference = 2255A1BD1D7E4B3800123363 /* InstrumentTypePiano */;
			productType = "com.apple.product-type.in-app-purchase-content";
		};
/* End PBXNativeTarget section */

/* Begin PBXProject section */
		2255A1B71D7E4B3800123363 /* Project object */ = {
			isa = PBXProject;
			attributes = {
				LastUpgradeCheck = 0730;
				ORGANIZATIONNAME = "Sam Bender";
				TargetAttributes = {
					2255A1BC1D7E4B3800123363 = {
						CreatedOnToolsVersion = 7.3.1;
					};
				};
			};
			buildConfigurationList = 2255A1BA1D7E4B3800123363 /* Build configuration list for PBXProject "InstrumentTypePiano" */;
			compatibilityVersion = "Xcode 3.2";
			developmentRegion = English;
			hasScannedForEncodings = 0;
			knownRegions = (
				en,
			);
			mainGroup = 2255A1B61D7E4B3800123363;
			productRefGroup = 2255A1BE1D7E4B3800123363 /* Products */;
			projectDirPath = "";
			projectRoot = "";
			targets = (
				2255A1BC1D7E4B3800123363 /* InstrumentTypePiano */,
			);
		};
/* End PBXProject section */

/* Begin PBXResourcesBuildPhase section */
		2255A1BB1D7E4B3800123363 /* Resources */ = {
			isa = PBXResourcesBuildPhase;
			buildActionMask = 2147483647;
			files = (
				2255A1F41D7E4B8A00123363 /* Piano.ff.A#3.mp3 in Resources */,
				2255A20D1D7E4B8A00123363 /* Piano.ff.E3.mp3 in Resources */,
				2255A1FC1D7E4B8A00123363 /* Piano.ff.B3.mp3 in Resources */,
				2255A21A1D7E4B8A00123363 /* Piano.ff.G#4.mp3 in Resources */,
				2255A2021D7E4B8A00123363 /* Piano.ff.C3.mp3 in Resources */,
				2255A2061D7E4B8A00123363 /* Piano.ff.D#3.mp3 in Resources */,
				2255A2131D7E4B8A00123363 /* Piano.ff.F#5.mp3 in Resources */,
				2255A20A1D7E4B8A00123363 /* Piano.ff.D4.mp3 in Resources */,
				2255A2181D7E4B8A00123363 /* Piano.ff.G#2.mp3 in Resources */,
				2255A2091D7E4B8A00123363 /* Piano.ff.D3.mp3 in Resources */,
				2255A2151D7E4B8A00123363 /* Piano.ff.F3.mp3 in Resources */,
				2255A1FB1D7E4B8A00123363 /* Piano.ff.B2.mp3 in Resources */,
				2255A2161D7E4B8A00123363 /* Piano.ff.F4.mp3 in Resources */,
				2255A2101D7E4B8A00123363 /* Piano.ff.F#2.mp3 in Resources */,
				2255A1F31D7E4B8A00123363 /* Piano.ff.A#2.mp3 in Resources */,
				2255A2121D7E4B8A00123363 /* Piano.ff.F#4.mp3 in Resources */,
				2255A21B1D7E4B8A00123363 /* Piano.ff.G#5.mp3 in Resources */,
				2255A2111D7E4B8A00123363 /* Piano.ff.F#3.mp3 in Resources */,
				2255A2171D7E4B8A00123363 /* Piano.ff.F5.mp3 in Resources */,
				2255A21F1D7E4B8A00123363 /* Piano.ff.G5.mp3 in Resources */,
				2255A21D1D7E4B8A00123363 /* Piano.ff.G3.mp3 in Resources */,
				2255A1FA1D7E4B8A00123363 /* Piano.ff.A5.mp3 in Resources */,
				2255A1FD1D7E4B8A00123363 /* Piano.ff.B4.mp3 in Resources */,
				2255A20B1D7E4B8A00123363 /* Piano.ff.D5.mp3 in Resources */,
				2255A1FF1D7E4B8A00123363 /* Piano.ff.C#3.mp3 in Resources */,
				2255A20E1D7E4B8A00123363 /* Piano.ff.E4.mp3 in Resources */,
				2255A1F61D7E4B8A00123363 /* Piano.ff.A#5.mp3 in Resources */,
				2255A2011D7E4B8A00123363 /* Piano.ff.C#5.mp3 in Resources */,
				2255A21E1D7E4B8A00123363 /* Piano.ff.G4.mp3 in Resources */,
				2255A2041D7E4B8A00123363 /* Piano.ff.C5.mp3 in Resources */,
				2255A1FE1D7E4B8A00123363 /* Piano.ff.B5.mp3 in Resources */,
				2255A2191D7E4B8A00123363 /* Piano.ff.G#3.mp3 in Resources */,
				2255A2001D7E4B8A00123363 /* Piano.ff.C#4.mp3 in Resources */,
				2255A1F91D7E4B8A00123363 /* Piano.ff.A4.mp3 in Resources */,
				2255A21C1D7E4B8A00123363 /* Piano.ff.G2.mp3 in Resources */,
				2255A2141D7E4B8A00123363 /* Piano.ff.F2.mp3 in Resources */,
				2255A2031D7E4B8A00123363 /* Piano.ff.C4.mp3 in Resources */,
				2255A20F1D7E4B8A00123363 /* Piano.ff.E5.mp3 in Resources */,
				2255A1F51D7E4B8A00123363 /* Piano.ff.A#4.mp3 in Resources */,
				2255A2081D7E4B8A00123363 /* Piano.ff.D#5.mp3 in Resources */,
				2255A20C1D7E4B8A00123363 /* Piano.ff.E2.mp3 in Resources */,
				2255A1F81D7E4B8A00123363 /* Piano.ff.A3.mp3 in Resources */,
				2255A1F71D7E4B8A00123363 /* Piano.ff.A2.mp3 in Resources */,
				2255A2051D7E4B8A00123363 /* Piano.ff.C6.mp3 in Resources */,
				2255A2071D7E4B8A00123363 /* Piano.ff.D#4.mp3 in Resources */,
			);
			runOnlyForDeploymentPostprocessing = 0;
		};
/* End PBXResourcesBuildPhase section */

/* Begin XCBuildConfiguration section */
		2255A1C11D7E4B3800123363 /* Debug */ = {
			isa = XCBuildConfiguration;
			buildSettings = {
				ALWAYS_SEARCH_USER_PATHS = NO;
				CLANG_ANALYZER_NONNULL = YES;
				CLANG_CXX_LANGUAGE_STANDARD = "gnu++0x";
				CLANG_CXX_LIBRARY = "libc++";
				CLANG_ENABLE_MODULES = YES;
				CLANG_ENABLE_OBJC_ARC = YES;
				CLANG_WARN_BOOL_CONVERSION = YES;
				CLANG_WARN_CONSTANT_CONVERSION = YES;
				CLANG_WARN_DIRECT_OBJC_ISA_USAGE = YES_ERROR;
				CLANG_WARN_EMPTY_BODY = YES;
				CLANG_WARN_ENUM_CONVERSION = YES;
				CLANG_WARN_INT_CONVERSION = YES;
				CLANG_WARN_OBJC_ROOT_CLASS = YES_ERROR;
				CLANG_WARN_UNREACHABLE_CODE = YES;
				CLANG_WARN__DUPLICATE_METHOD_MATCH = YES;
				COPY_PHASE_STRIP = NO;
				DEBUG_INFORMATION_FORMAT = dwarf;
				ENABLE_STRICT_OBJC_MSGSEND = YES;
				ENABLE_TESTABILITY = YES;
				GCC_C_LANGUAGE_STANDARD = gnu99;
				GCC_DYNAMIC_NO_PIC = NO;
				GCC_NO_COMMON_BLOCKS = YES;
				GCC_OPTIMIZATION_LEVEL = 0;
				GCC_PREPROCESSOR_DEFINITIONS = (
					"DEBUG=1",
					"$(inherited)",
				);
				GCC_WARN_64_TO_32_BIT_CONVERSION = YES;
				GCC_WARN_ABOUT_RETURN_TYPE = YES_ERROR;
				GCC_WARN_UNDECLARED_SELECTOR = YES;
				GCC_WARN_UNINITIALIZED_AUTOS = YES_AGGRESSIVE;
				GCC_WARN_UNUSED_FUNCTION = YES;
				GCC_WARN_UNUSED_VARIABLE = YES;
				MTL_ENABLE_DEBUG_INFO = YES;
				ONLY_ACTIVE_ARCH = YES;
			};
			name = Debug;
		};
		2255A1C21D7E4B3800123363 /* Release */ = {
			isa = XCBuildConfiguration;
			buildSettings = {
				ALWAYS_SEARCH_USER_PATHS = NO;
				CLANG_ANALYZER_NONNULL = YES;
				CLANG_CXX_LANGUAGE_STANDARD = "gnu++0x";
				CLANG_CXX_LIBRARY = "libc++";
				CLANG_ENABLE_MODULES = YES;
				CLANG_ENABLE_OBJC_ARC = YES;
				CLANG_WARN_BOOL_CONVERSION = YES;
				CLANG_WARN_CONSTANT_CONVERSION = YES;
				CLANG_WARN_DIRECT_OBJC_ISA_USAGE = YES_ERROR;
				CLANG_WARN_EMPTY_BODY = YES;
				CLANG_WARN_ENUM_CONVERSION = YES;
				CLANG_WARN_INT_CONVERSION = YES;
				CLANG_WARN_OBJC_ROOT_CLASS = YES_ERROR;
				CLANG_WARN_UNREACHABLE_CODE = YES;
				CLANG_WARN__DUPLICATE_METHOD_MATCH = YES;
				COPY_PHASE_STRIP = NO;
				DEBUG_INFORMATION_FORMAT = "dwarf-with-dsym";
				ENABLE_NS_ASSERTIONS = NO;
				ENABLE_STRICT_OBJC_MSGSEND = YES;
				GCC_C_LANGUAGE_STANDARD = gnu99;
				GCC_NO_COMMON_BLOCKS = YES;
				GCC_WARN_64_TO_32_BIT_CONVERSION = YES;
				GCC_WARN_ABOUT_RETURN_TYPE = YES_ERROR;
				GCC_WARN_UNDECLARED_SELECTOR = YES;
				GCC_WARN_UNINITIALIZED_AUTOS = YES_AGGRESSIVE;
				GCC_WARN_UNUSED_FUNCTION = YES;
				GCC_WARN_UNUSED_VARIABLE = YES;
				MTL_ENABLE_DEBUG_INFO = NO;
			};
			name = Release;
		};
		2255A1C41D7E4B3800123363 /* Debug */ = {
			isa = XCBuildConfiguration;
			buildSettings = {
				INFOPLIST_FILE = InstrumentTypePiano/ContentInfo.plist;
				INSTALL_PATH = "$(LOCAL_LIBRARY_DIR)/InAppPurchaseContent";
				PRODUCT_NAME = "$(TARGET_NAME)";
				WRAPPER_EXTENSION = "";
			};
			name = Debug;
		};
		2255A1C51D7E4B3800123363 /* Release */ = {
			isa = XCBuildConfiguration;
			buildSettings = {
				INFOPLIST_FILE = InstrumentTypePiano/ContentInfo.plist;
				INSTALL_PATH = "$(LOCAL_LIBRARY_DIR)/InAppPurchaseContent";
				PRODUCT_NAME = "$(TARGET_NAME)";
				WRAPPER_EXTENSION = "";
			};
			name = Release;
		};
/* End XCBuildConfiguration section */

/* Begin XCConfigurationList section */
		2255A1BA1D7E4B3800123363 /* Build configuration list for PBXProject "InstrumentTypePiano" */ = {
			isa = XCConfigurationList;
			buildConfigurations = (
				2255A1C11D7E4B3800123363 /* Debug */,
				2255A1C21D7E4B3800123363 /* Release */,
			);
			defaultConfigurationIsVisible = 0;
			defaultConfigurationName = Release;
		};
		2255A1C31D7E4B3800123363 /* Build configuration list for PBXNativeTarget "InstrumentTypePiano" */ = {
			isa = XCConfigurationList;
			buildConfigurations = (
				2255A1C41D7E4B3800123363 /* Debug */,
				2255A1C51D7E4B3800123363 /* Release */,
			);
			defaultConfigurationIsVisible = 0;
		};
/* End XCConfigurationList section */
	};
	rootObject = 2255A1B71D7E4B3800123363 /* Project object */;
}
